
Microsoft Visual Studio Solution File, Format Version 12.00
# Visual Studio Version 16
VisualStudioVersion = 16.0.30717.126
MinimumVisualStudioVersion = 10.0.40219.1
Project("{FAE04EC0-301F-11D3-BF4B-00C04F79EFBC}") = "Products.Api", "Products.Api\Products.Api.csproj", "{D8595B55-6CBB-4A84-A40F-5B2D76981E98}"
EndProject
Project("{2150E333-8FDC-42A3-9474-1A3956D46DE8}") = "Solution Items", "Solution Items", "{DDCBC16A-F717-4257-8D02-D220D97484AE}"
	ProjectSection(SolutionItems) = preProject
		Readme.md = Readme.md
	EndProjectSection
EndProject
Project("{FAE04EC0-301F-11D3-BF4B-00C04F79EFBC}") = "Products.Domain", "Products.Domain\Products.Domain.csproj", "{71B5CB93-6C5B-4453-B373-BEF22D4276CA}"
EndProject
Project("{FAE04EC0-301F-11D3-BF4B-00C04F79EFBC}") = "Products.Api.Tests", "Products.Api.Tests\Products.Api.Tests.csproj", "{2E093A8E-92BF-478F-A7DB-390407075E79}"
EndProject
Global
	GlobalSection(SolutionConfigurationPlatforms) = preSolution
		Debug|Any CPU = Debug|Any CPU
		Release|Any CPU = Release|Any CPU
	EndGlobalSection
	GlobalSection(ProjectConfigurationPlatforms) = postSolution
		{D8595B55-6CBB-4A84-A40F-5B2D76981E98}.Debug|Any CPU.ActiveCfg = Debug|Any CPU
		{D8595B55-6CBB-4A84-A40F-5B2D76981E98}.Debug|Any CPU.Build.0 = Debug|Any CPU
		{D8595B55-6CBB-4A84-A40F-5B2D76981E98}.Release|Any CPU.ActiveCfg = Release|Any CPU
		{D8595B55-6CBB-4A84-A40F-5B2D76981E98}.Release|Any CPU.Build.0 = Release|Any CPU
		{71B5CB93-6C5B-4453-B373-BEF22D4276CA}.Debug|Any CPU.ActiveCfg = Debug|Any CPU
		{71B5CB93-6C5B-4453-B373-BEF22D4276CA}.Debug|Any CPU.Build.0 = Debug|Any CPU
		{71B5CB93-6C5B-4453-B373-BEF22D4276CA}.Release|Any CPU.ActiveCfg = Release|Any CPU
		{71B5CB93-6C5B-4453-B373-BEF22D4276CA}.Release|Any CPU.Build.0 = Release|Any CPU
		{2E093A8E-92BF-478F-A7DB-390407075E79}.Debug|Any CPU.ActiveCfg = Debug|Any CPU
		{2E093A8E-92BF-478F-A7DB-390407075E79}.Debug|Any CPU.Build.0 = Debug|Any CPU
		{2E093A8E-92BF-478F-A7DB-390407075E79}.Release|Any CPU.ActiveCfg = Release|Any CPU
		{2E093A8E-92BF-478F-A7DB-390407075E79}.Release|Any CPU.Build.0 = Release|Any CPU
	EndGlobalSection
	GlobalSection(SolutionProperties) = preSolution
		HideSolutionNode = FALSE
	EndGlobalSection
	GlobalSection(ExtensibilityGlobals) = postSolution
		SolutionGuid = {0639C344-620B-447D-AD8A-71C36A6F6670}
	EndGlobalSection
EndGlobal
